// !$*UTF8*$!
{
	archiveVersion = 1;
	classes = {
	};
	objectVersion = 46;
	objects = {

/* Begin PBXBuildFile section */
		1BAD7ECA226D784E001A1B38 /* AppDelegate.swift in Sources */ = {isa = PBXBuildFile; fileRef = 1BAD7EC9226D784E001A1B38 /* AppDelegate.swift */; };
		1BAD7ECC226D784E001A1B38 /* ViewController.swift in Sources */ = {isa = PBXBuildFile; fileRef = 1BAD7ECB226D784E001A1B38 /* ViewController.swift */; };
		1BAD7ECF226D784E001A1B38 /* Main.storyboard in Resources */ = {isa = PBXBuildFile; fileRef = 1BAD7ECD226D784E001A1B38 /* Main.storyboard */; };
		1BAD7ED1226D784E001A1B38 /* Assets.xcassets in Resources */ = {isa = PBXBuildFile; fileRef = 1BAD7ED0226D784E001A1B38 /* Assets.xcassets */; };
		1BAD7ED4226D784E001A1B38 /* LaunchScreen.storyboard in Resources */ = {isa = PBXBuildFile; fileRef = 1BAD7ED2226D784E001A1B38 /* LaunchScreen.storyboard */; };
		1BAD7EDF226D784F001A1B38 /* pruebaGitTests.swift in Sources */ = {isa = PBXBuildFile; fileRef = 1BAD7EDE226D784F001A1B38 /* pruebaGitTests.swift */; };
		1BAD7EEA226D784F001A1B38 /* pruebaGitUITests.swift in Sources */ = {isa = PBXBuildFile; fileRef = 1BAD7EE9226D784F001A1B38 /* pruebaGitUITests.swift */; };
/* End PBXBuildFile section */

/* Begin PBXContainerItemProxy section */
		1BAD7EDB226D784F001A1B38 /* PBXContainerItemProxy */ = {
			isa = PBXContainerItemProxy;
			containerPortal = 1BAD7EBE226D784B001A1B38 /* Project object */;
			proxyType = 1;
			remoteGlobalIDString = 1BAD7EC5226D784C001A1B38;
			remoteInfo = pruebaGit;
		};
		1BAD7EE6226D784F001A1B38 /* PBXContainerItemProxy */ = {
			isa = PBXContainerItemProxy;
			containerPortal = 1BAD7EBE226D784B001A1B38 /* Project object */;
			proxyType = 1;
			remoteGlobalIDString = 1BAD7EC5226D784C001A1B38;
			remoteInfo = pruebaGit;
		};
/* End PBXContainerItemProxy section */

/* Begin PBXFileReference section */
		1BAD7EC6226D784D001A1B38 /* pruebaGit.app */ = {isa = PBXFileReference; explicitFileType = wrapper.application; includeInIndex = 0; path = pruebaGit.app; sourceTree = BUILT_PRODUCTS_DIR; };
		1BAD7EC9226D784E001A1B38 /* AppDelegate.swift */ = {isa = PBXFileReference; lastKnownFileType = sourcecode.swift; path = AppDelegate.swift; sourceTree = "<group>"; };
		1BAD7ECB226D784E001A1B38 /* ViewController.swift */ = {isa = PBXFileReference; lastKnownFileType = sourcecode.swift; path = ViewController.swift; sourceTree = "<group>"; };
		1BAD7ECE226D784E001A1B38 /* Base */ = {isa = PBXFileReference; lastKnownFileType = file.storyboard; name = Base; path = Base.lproj/Main.storyboard; sourceTree = "<group>"; };
		1BAD7ED0226D784E001A1B38 /* Assets.xcassets */ = {isa = PBXFileReference; lastKnownFileType = folder.assetcatalog; path = Assets.xcassets; sourceTree = "<group>"; };
		1BAD7ED3226D784E001A1B38 /* Base */ = {isa = PBXFileReference; lastKnownFileType = file.storyboard; name = Base; path = Base.lproj/LaunchScreen.storyboard; sourceTree = "<group>"; };
		1BAD7ED5226D784E001A1B38 /* Info.plist */ = {isa = PBXFileReference; lastKnownFileType = text.plist.xml; path = Info.plist; sourceTree = "<group>"; };
		1BAD7EDA226D784F001A1B38 /* pruebaGitTests.xctest */ = {isa = PBXFileReference; explicitFileType = wrapper.cfbundle; includeInIndex = 0; path = pruebaGitTests.xctest; sourceTree = BUILT_PRODUCTS_DIR; };
		1BAD7EDE226D784F001A1B38 /* pruebaGitTests.swift */ = {isa = PBXFileReference; lastKnownFileType = sourcecode.swift; path = pruebaGitTests.swift; sourceTree = "<group>"; };
		1BAD7EE0226D784F001A1B38 /* Info.plist */ = {isa = PBXFileReference; lastKnownFileType = text.plist.xml; path = Info.plist; sourceTree = "<group>"; };
		1BAD7EE5226D784F001A1B38 /* pruebaGitUITests.xctest */ = {isa = PBXFileReference; explicitFileType = wrapper.cfbundle; includeInIndex = 0; path = pruebaGitUITests.xctest; sourceTree = BUILT_PRODUCTS_DIR; };
		1BAD7EE9226D784F001A1B38 /* pruebaGitUITests.swift */ = {isa = PBXFileReference; lastKnownFileType = sourcecode.swift; path = pruebaGitUITests.swift; sourceTree = "<group>"; };
		1BAD7EEB226D784F001A1B38 /* Info.plist */ = {isa = PBXFileReference; lastKnownFileType = text.plist.xml; path = Info.plist; sourceTree = "<group>"; };
/* End PBXFileReference section */

/* Begin PBXFrameworksBuildPhase section */
		1BAD7EC3226D784C001A1B38 /* Frameworks */ = {
			isa = PBXFrameworksBuildPhase;
			buildActionMask = 2147483647;
			files = (
			);
			runOnlyForDeploymentPostprocessing = 0;
		};
		1BAD7ED7226D784F001A1B38 /* Frameworks */ = {
			isa = PBXFrameworksBuildPhase;
			buildActionMask = 2147483647;
			files = (
			);
			runOnlyForDeploymentPostprocessing = 0;
		};
		1BAD7EE2226D784F001A1B38 /* Frameworks */ = {
			isa = PBXFrameworksBuildPhase;
			buildActionMask = 2147483647;
			files = (
			);
			runOnlyForDeploymentPostprocessing = 0;
		};
/* End PBXFrameworksBuildPhase section */

/* Begin PBXGroup section */
		1BAD7EBD226D784B001A1B38 = {
			isa = PBXGroup;
			children = (
				1BAD7EC8226D784E001A1B38 /* pruebaGit */,
				1BAD7EDD226D784F001A1B38 /* pruebaGitTests */,
				1BAD7EE8226D784F001A1B38 /* pruebaGitUITests */,
				1BAD7EC7226D784D001A1B38 /* Products */,
			);
			sourceTree = "<group>";
		};
		1BAD7EC7226D784D001A1B38 /* Products */ = {
			isa = PBXGroup;
			children = (
				1BAD7EC6226D784D001A1B38 /* pruebaGit.app */,
				1BAD7EDA226D784F001A1B38 /* pruebaGitTests.xctest */,
				1BAD7EE5226D784F001A1B38 /* pruebaGitUITests.xctest */,
			);
			name = Products;
			sourceTree = "<group>";
		};
		1BAD7EC8226D784E001A1B38 /* pruebaGit */ = {
			isa = PBXGroup;
			children = (
				1BAD7EC9226D784E001A1B38 /* AppDelegate.swift */,
				1BAD7ECB226D784E001A1B38 /* ViewController.swift */,
				1BAD7ECD226D784E001A1B38 /* Main.storyboard */,
				1BAD7ED0226D784E001A1B38 /* Assets.xcassets */,
				1BAD7ED2226D784E001A1B38 /* LaunchScreen.storyboard */,
				1BAD7ED5226D784E001A1B38 /* Info.plist */,
			);
			path = pruebaGit;
			sourceTree = "<group>";
		};
		1BAD7EDD226D784F001A1B38 /* pruebaGitTests */ = {
			isa = PBXGroup;
			children = (
				1BAD7EDE226D784F001A1B38 /* pruebaGitTests.swift */,
				1BAD7EE0226D784F001A1B38 /* Info.plist */,
			);
			path = pruebaGitTests;
			sourceTree = "<group>";
		};
		1BAD7EE8226D784F001A1B38 /* pruebaGitUITests */ = {
			isa = PBXGroup;
			children = (
				1BAD7EE9226D784F001A1B38 /* pruebaGitUITests.swift */,
				1BAD7EEB226D784F001A1B38 /* Info.plist */,
			);
			path = pruebaGitUITests;
			sourceTree = "<group>";
		};
/* End PBXGroup section */

/* Begin PBXNativeTarget section */
		1BAD7EC5226D784C001A1B38 /* pruebaGit */ = {
			isa = PBXNativeTarget;
			buildConfigurationList = 1BAD7EEE226D784F001A1B38 /* Build configuration list for PBXNativeTarget "pruebaGit" */;
			buildPhases = (
				1BAD7EC2226D784C001A1B38 /* Sources */,
				1BAD7EC3226D784C001A1B38 /* Frameworks */,
				1BAD7EC4226D784C001A1B38 /* Resources */,
			);
			buildRules = (
			);
			dependencies = (
			);
			name = pruebaGit;
			productName = pruebaGit;
			productReference = 1BAD7EC6226D784D001A1B38 /* pruebaGit.app */;
			productType = "com.apple.product-type.application";
		};
		1BAD7ED9226D784F001A1B38 /* pruebaGitTests */ = {
			isa = PBXNativeTarget;
			buildConfigurationList = 1BAD7EF1226D784F001A1B38 /* Build configuration list for PBXNativeTarget "pruebaGitTests" */;
			buildPhases = (
				1BAD7ED6226D784F001A1B38 /* Sources */,
				1BAD7ED7226D784F001A1B38 /* Frameworks */,
				1BAD7ED8226D784F001A1B38 /* Resources */,
			);
			buildRules = (
			);
			dependencies = (
				1BAD7EDC226D784F001A1B38 /* PBXTargetDependency */,
			);
			name = pruebaGitTests;
			productName = pruebaGitTests;
			productReference = 1BAD7EDA226D784F001A1B38 /* pruebaGitTests.xctest */;
			productType = "com.apple.product-type.bundle.unit-test";
		};
		1BAD7EE4226D784F001A1B38 /* pruebaGitUITests */ = {
			isa = PBXNativeTarget;
			buildConfigurationList = 1BAD7EF4226D784F001A1B38 /* Build configuration list for PBXNativeTarget "pruebaGitUITests" */;
			buildPhases = (
				1BAD7EE1226D784F001A1B38 /* Sources */,
				1BAD7EE2226D784F001A1B38 /* Frameworks */,
				1BAD7EE3226D784F001A1B38 /* Resources */,
			);
			buildRules = (
			);
			dependencies = (
				1BAD7EE7226D784F001A1B38 /* PBXTargetDependency */,
			);
			name = pruebaGitUITests;
			productName = pruebaGitUITests;
			productReference = 1BAD7EE5226D784F001A1B38 /* pruebaGitUITests.xctest */;
			productType = "com.apple.product-type.bundle.ui-testing";
		};
/* End PBXNativeTarget section */

/* Begin PBXProject section */
		1BAD7EBE226D784B001A1B38 /* Project object */ = {
			isa = PBXProject;
			attributes = {
				LastSwiftUpdateCheck = 0820;
				LastUpgradeCheck = 0820;
				ORGANIZATIONNAME = "Hector M. Sanchez Garza";
				TargetAttributes = {
					1BAD7EC5226D784C001A1B38 = {
						CreatedOnToolsVersion = 8.2.1;
						ProvisioningStyle = Automatic;
					};
					1BAD7ED9226D784F001A1B38 = {
						CreatedOnToolsVersion = 8.2.1;
						ProvisioningStyle = Automatic;
						TestTargetID = 1BAD7EC5226D784C001A1B38;
					};
					1BAD7EE4226D784F001A1B38 = {
						CreatedOnToolsVersion = 8.2.1;
						ProvisioningStyle = Automatic;
						TestTargetID = 1BAD7EC5226D784C001A1B38;
					};
				};
			};
			buildConfigurationList = 1BAD7EC1226D784B001A1B38 /* Build configuration list for PBXProject "pruebaGit" */;
			compatibilityVersion = "Xcode 3.2";
			developmentRegion = English;
			hasScannedForEncodings = 0;
			knownRegions = (
				en,
				Base,
			);
			mainGroup = 1BAD7EBD226D784B001A1B38;
			productRefGroup = 1BAD7EC7226D784D001A1B38 /* Products */;
			projectDirPath = "";
			projectRoot = "";
			targets = (
				1BAD7EC5226D784C001A1B38 /* pruebaGit */,
				1BAD7ED9226D784F001A1B38 /* pruebaGitTests */,
				1BAD7EE4226D784F001A1B38 /* pruebaGitUITests */,
			);
		};
/* End PBXProject section */

/* Begin PBXResourcesBuildPhase section */
		1BAD7EC4226D784C001A1B38 /* Resources */ = {
			isa = PBXResourcesBuildPhase;
			buildActionMask = 2147483647;
			files = (
				1BAD7ED4226D784E001A1B38 /* LaunchScreen.storyboard in Resources */,
				1BAD7ED1226D784E001A1B38 /* Assets.xcassets in Resources */,
				1BAD7ECF226D784E001A1B38 /* Main.storyboard in Resources */,
			);
			runOnlyForDeploymentPostprocessing = 0;
		};
		1BAD7ED8226D784F001A1B38 /* Resources */ = {
			isa = PBXResourcesBuildPhase;
			buildActionMask = 2147483647;
			files = (
			);
			runOnlyForDeploymentPostprocessing = 0;
		};
		1BAD7EE3226D784F001A1B38 /* Resources */ = {
			isa = PBXResourcesBuildPhase;
			buildActionMask = 2147483647;
			files = (
			);
			runOnlyForDeploymentPostprocessing = 0;
		};
/* End PBXResourcesBuildPhase section */

/* Begin PBXSourcesBuildPhase section */
		1BAD7EC2226D784C001A1B38 /* Sources */ = {
			isa = PBXSourcesBuildPhase;
			buildActionMask = 2147483647;
			files = (
				1BAD7ECC226D784E001A1B38 /* ViewController.swift in Sources */,
				1BAD7ECA226D784E001A1B38 /* AppDelegate.swift in Sources */,
			);
			runOnlyForDeploymentPostprocessing = 0;
		};
		1BAD7ED6226D784F001A1B38 /* Sources */ = {
			isa = PBXSourcesBuildPhase;
			buildActionMask = 2147483647;
			files = (
				1BAD7EDF226D784F001A1B38 /* pruebaGitTests.swift in Sources */,
			);
			runOnlyForDeploymentPostprocessing = 0;
		};
		1BAD7EE1226D784F001A1B38 /* Sources */ = {
			isa = PBXSourcesBuildPhase;
			buildActionMask = 2147483647;
			files = (
				1BAD7EEA226D784F001A1B38 /* pruebaGitUITests.swift in Sources */,
			);
			runOnlyForDeploymentPostprocessing = 0;
		};
/* End PBXSourcesBuildPhase section */

/* Begin PBXTargetDependency section */
		1BAD7EDC226D784F001A1B38 /* PBXTargetDependency */ = {
			isa = PBXTargetDependency;
			target = 1BAD7EC5226D784C001A1B38 /* pruebaGit */;
			targetProxy = 1BAD7EDB226D784F001A1B38 /* PBXContainerItemProxy */;
		};
		1BAD7EE7226D784F001A1B38 /* PBXTargetDependency */ = {
			isa = PBXTargetDependency;
			target = 1BAD7EC5226D784C001A1B38 /* pruebaGit */;
			targetProxy = 1BAD7EE6226D784F001A1B38 /* PBXContainerItemProxy */;
		};
/* End PBXTargetDependency section */

/* Begin PBXVariantGroup section */
		1BAD7ECD226D784E001A1B38 /* Main.storyboard */ = {
			isa = PBXVariantGroup;
			children = (
				1BAD7ECE226D784E001A1B38 /* Base */,
			);
			name = Main.storyboard;
			sourceTree = "<group>";
		};
		1BAD7ED2226D784E001A1B38 /* LaunchScreen.storyboard */ = {
			isa = PBXVariantGroup;
			children = (
				1BAD7ED3226D784E001A1B38 /* Base */,
			);
			name = LaunchScreen.storyboard;
			sourceTree = "<group>";
		};
/* End PBXVariantGroup section */

/* Begin XCBuildConfiguration section */
		1BAD7EEC226D784F001A1B38 /* Debug */ = {
			isa = XCBuildConfiguration;
			buildSettings = {
				ALWAYS_SEARCH_USER_PATHS = NO;
				CLANG_ANALYZER_NONNULL = YES;
				CLANG_CXX_LANGUAGE_STANDARD = "gnu++0x";
				CLANG_CXX_LIBRARY = "libc++";
				CLANG_ENABLE_MODULES = YES;
				CLANG_ENABLE_OBJC_ARC = YES;
				CLANG_WARN_BOOL_CONVERSION = YES;
				CLANG_WARN_CONSTANT_CONVERSION = YES;
				CLANG_WARN_DIRECT_OBJC_ISA_USAGE = YES_ERROR;
				CLANG_WARN_DOCUMENTATION_COMMENTS = YES;
				CLANG_WARN_EMPTY_BODY = YES;
				CLANG_WARN_ENUM_CONVERSION = YES;
				CLANG_WARN_INFINITE_RECURSION = YES;
				CLANG_WARN_INT_CONVERSION = YES;
				CLANG_WARN_OBJC_ROOT_CLASS = YES_ERROR;
				CLANG_WARN_SUSPICIOUS_MOVE = YES;
				CLANG_WARN_UNREACHABLE_CODE = YES;
				CLANG_WARN__DUPLICATE_METHOD_MATCH = YES;
				"CODE_SIGN_IDENTITY[sdk=iphoneos*]" = "iPhone Developer";
				COPY_PHASE_STRIP = NO;
				DEBUG_INFORMATION_FORMAT = dwarf;
				ENABLE_STRICT_OBJC_MSGSEND = YES;
				ENABLE_TESTABILITY = YES;
				GCC_C_LANGUAGE_STANDARD = gnu99;
				GCC_DYNAMIC_NO_PIC = NO;
				GCC_NO_COMMON_BLOCKS = YES;
				GCC_OPTIMIZATION_LEVEL = 0;
				GCC_PREPROCESSOR_DEFINITIONS = (
					"DEBUG=1",
					"$(inherited)",
				);
				GCC_WARN_64_TO_32_BIT_CONVERSION = YES;
				GCC_WARN_ABOUT_RETURN_TYPE = YES_ERROR;
				GCC_WARN_UNDECLARED_SELECTOR = YES;
				GCC_WARN_UNINITIALIZED_AUTOS = YES_AGGRESSIVE;
				GCC_WARN_UNUSED_FUNCTION = YES;
				GCC_WARN_UNUSED_VARIABLE = YES;
				IPHONEOS_DEPLOYMENT_TARGET = 10.2;
				MTL_ENABLE_DEBUG_INFO = YES;
				ONLY_ACTIVE_ARCH = YES;
				SDKROOT = iphoneos;
				SWIFT_ACTIVE_COMPILATION_CONDITIONS = DEBUG;
				SWIFT_OPTIMIZATION_LEVEL = "-Onone";
			};
			name = Debug;
		};
		1BAD7EED226D784F001A1B38 /* Release */ = {
			isa = XCBuildConfiguration;
			buildSettings = {
				ALWAYS_SEARCH_USER_PATHS = NO;
				CLANG_ANALYZER_NONNULL = YES;
				CLANG_CXX_LANGUAGE_STANDARD = "gnu++0x";
				CLANG_CXX_LIBRARY = "libc++";
				CLANG_ENABLE_MODULES = YES;
				CLANG_ENABLE_OBJC_ARC = YES;
				CLANG_WARN_BOOL_CONVERSION = YES;
				CLANG_WARN_CONSTANT_CONVERSION = YES;
				CLANG_WARN_DIRECT_OBJC_ISA_USAGE = YES_ERROR;
				CLANG_WARN_DOCUMENTATION_COMMENTS = YES;
				CLANG_WARN_EMPTY_BODY = YES;
				CLANG_WARN_ENUM_CONVERSION = YES;
				CLANG_WARN_INFINITE_RECURSION = YES;
				CLANG_WARN_INT_CONVERSION = YES;
				CLANG_WARN_OBJC_ROOT_CLASS = YES_ERROR;
				CLANG_WARN_SUSPICIOUS_MOVE = YES;
				CLANG_WARN_UNREACHABLE_CODE = YES;
				CLANG_WARN__DUPLICATE_METHOD_MATCH = YES;
				"CODE_SIGN_IDENTITY[sdk=iphoneos*]" = "iPhone Developer";
				COPY_PHASE_STRIP = NO;
				DEBUG_INFORMATION_FORMAT = "dwarf-with-dsym";
				ENABLE_NS_ASSERTIONS = NO;
				ENABLE_STRICT_OBJC_MSGSEND = YES;
				GCC_C_LANGUAGE_STANDARD = gnu99;
				GCC_NO_COMMON_BLOCKS = YES;
				GCC_WARN_64_TO_32_BIT_CONVERSION = YES;
				GCC_WARN_ABOUT_RETURN_TYPE = YES_ERROR;
				GCC_WARN_UNDECLARED_SELECTOR = YES;
				GCC_WARN_UNINITIALIZED_AUTOS = YES_AGGRESSIVE;
				GCC_WARN_UNUSED_FUNCTION = YES;
				GCC_WARN_UNUSED_VARIABLE = YES;
				IPHONEOS_DEPLOYMENT_TARGET = 10.2;
				MTL_ENABLE_DEBUG_INFO = NO;
				SDKROOT = iphoneos;
				SWIFT_OPTIMIZATION_LEVEL = "-Owholemodule";
				VALIDATE_PRODUCT = YES;
			};
			name = Release;
		};
		1BAD7EEF226D784F001A1B38 /* Debug */ = {
			isa = XCBuildConfiguration;
			buildSettings = {
				ASSETCATALOG_COMPILER_APPICON_NAME = AppIcon;
				INFOPLIST_FILE = pruebaGit/Info.plist;
				LD_RUNPATH_SEARCH_PATHS = "$(inherited) @executable_path/Frameworks";
				PRODUCT_BUNDLE_IDENTIFIER = com.hectormayo.pruebaGit;
				PRODUCT_NAME = "$(TARGET_NAME)";
				SWIFT_VERSION = 3.0;
			};
			name = Debug;
		};
		1BAD7EF0226D784F001A1B38 /* Release */ = {
			isa = XCBuildConfiguration;
			buildSettings = {
				ASSETCATALOG_COMPILER_APPICON_NAME = AppIcon;
				INFOPLIST_FILE = pruebaGit/Info.plist;
				LD_RUNPATH_SEARCH_PATHS = "$(inherited) @executable_path/Frameworks";
				PRODUCT_BUNDLE_IDENTIFIER = com.hectormayo.pruebaGit;
				PRODUCT_NAME = "$(TARGET_NAME)";
				SWIFT_VERSION = 3.0;
			};
			name = Release;
		};
		1BAD7EF2226D784F001A1B38 /* Debug */ = {
			isa = XCBuildConfiguration;
			buildSettings = {
				ALWAYS_EMBED_SWIFT_STANDARD_LIBRARIES = YES;
				BUNDLE_LOADER = "$(TEST_HOST)";
				INFOPLIST_FILE = pruebaGitTests/Info.plist;
				LD_RUNPATH_SEARCH_PATHS = "$(inherited) @executable_path/Frameworks @loader_path/Frameworks";
				PRODUCT_BUNDLE_IDENTIFIER = com.hectormayo.pruebaGitTests;
				PRODUCT_NAME = "$(TARGET_NAME)";
				SWIFT_VERSION = 3.0;
				TEST_HOST = "$(BUILT_PRODUCTS_DIR)/pruebaGit.app/pruebaGit";
			};
			name = Debug;
		};
		1BAD7EF3226D784F001A1B38 /* Release */ = {
			isa = XCBuildConfiguration;
			buildSettings = {
				ALWAYS_EMBED_SWIFT_STANDARD_LIBRARIES = YES;
				BUNDLE_LOADER = "$(TEST_HOST)";
				INFOPLIST_FILE = pruebaGitTests/Info.plist;
				LD_RUNPATH_SEARCH_PATHS = "$(inherited) @executable_path/Frameworks @loader_path/Frameworks";
				PRODUCT_BUNDLE_IDENTIFIER = com.hectormayo.pruebaGitTests;
				PRODUCT_NAME = "$(TARGET_NAME)";
				SWIFT_VERSION = 3.0;
				TEST_HOST = "$(BUILT_PRODUCTS_DIR)/pruebaGit.app/pruebaGit";
			};
			name = Release;
		};
		1BAD7EF5226D784F001A1B38 /* Debug */ = {
			isa = XCBuildConfiguration;
			buildSettings = {
				ALWAYS_EMBED_SWIFT_STANDARD_LIBRARIES = YES;
				INFOPLIST_FILE = pruebaGitUITests/Info.plist;
				LD_RUNPATH_SEARCH_PATHS = "$(inherited) @executable_path/Frameworks @loader_path/Frameworks";
				PRODUCT_BUNDLE_IDENTIFIER = com.hectormayo.pruebaGitUITests;
				PRODUCT_NAME = "$(TARGET_NAME)";
				SWIFT_VERSION = 3.0;
				TEST_TARGET_NAME = pruebaGit;
			};
			name = Debug;
		};
		1BAD7EF6226D784F001A1B38 /* Release */ = {
			isa = XCBuildConfiguration;
			buildSettings = {
				ALWAYS_EMBED_SWIFT_STANDARD_LIBRARIES = YES;
				INFOPLIST_FILE = pruebaGitUITests/Info.plist;
				LD_RUNPATH_SEARCH_PATHS = "$(inherited) @executable_path/Frameworks @loader_path/Frameworks";
				PRODUCT_BUNDLE_IDENTIFIER = com.hectormayo.pruebaGitUITests;
				PRODUCT_NAME = "$(TARGET_NAME)";
				SWIFT_VERSION = 3.0;
				TEST_TARGET_NAME = pruebaGit;
			};
			name = Release;
		};
/* End XCBuildConfiguration section */

/* Begin XCConfigurationList section */
		1BAD7EC1226D784B001A1B38 /* Build configuration list for PBXProject "pruebaGit" */ = {
			isa = XCConfigurationList;
			buildConfigurations = (
				1BAD7EEC226D784F001A1B38 /* Debug */,
				1BAD7EED226D784F001A1B38 /* Release */,
			);
			defaultConfigurationIsVisible = 0;
			defaultConfigurationName = Release;
		};
		1BAD7EEE226D784F001A1B38 /* Build configuration list for PBXNativeTarget "pruebaGit" */ = {
			isa = XCConfigurationList;
			buildConfigurations = (
				1BAD7EEF226D784F001A1B38 /* Debug */,
				1BAD7EF0226D784F001A1B38 /* Release */,
			);
			defaultConfigurationIsVisible = 0;
		};
		1BAD7EF1226D784F001A1B38 /* Build configuration list for PBXNativeTarget "pruebaGitTests" */ = {
			isa = XCConfigurationList;
			buildConfigurations = (
				1BAD7EF2226D784F001A1B38 /* Debug */,
				1BAD7EF3226D784F001A1B38 /* Release */,
			);
			defaultConfigurationIsVisible = 0;
		};
		1BAD7EF4226D784F001A1B38 /* Build configuration list for PBXNativeTarget "pruebaGitUITests" */ = {
			isa = XCConfigurationList;
			buildConfigurations = (
				1BAD7EF5226D784F001A1B38 /* Debug */,
				1BAD7EF6226D784F001A1B38 /* Release */,
			);
			defaultConfigurationIsVisible = 0;
		};
/* End XCConfigurationList section */
	};
	rootObject = 1BAD7EBE226D784B001A1B38 /* Project object */;
}
